dependencies:
- name: opensandbox-controller
  repository: file://../opensandbox-controller
  version: 0.2.0
- name: opensandbox-server
  repository: file://../opensandbox-server
  version: 0.1.0
digest: sha256:b88aa0bfffb5e30aa46163794cb74aa25157ee4b4a437c22867df19633b2a89f
generated: "2026-05-15T14:39:18.571067+08:00"
